{
  "originHash" : "5d2879d8d1524b99f424deca4f2ba0f61b238fdfa82c9c0ad2c32d85fc5297dd",
  "pins" : [
    {
      "identity" : "sttextkitplus",
      "kind" : "remoteSourceControl",
      "location" : "https://github.com/krzyzanowskim/STTextKitPlus",
      "state" : {
        "revision" : "2ee74906f4d753458eeaa9a2f6d4538aacb86a1d",
        "version" : "0.3.0"
      }
    },
    {
      "identity" : "sttextview",
      "kind" : "remoteSourceControl",
      "location" : "https://github.com/krzyzanowskim/STTextView.git",
      "state" : {
        "revision" : "8c4b880259f122c5ff4283adc698ac0d5d4b9027",
        "version" : "0.9.6"
      }
    }
  ],
  "version" : 3
}
